
Microsoft Visual Studio Solution File, Format Version 12.00
# Visual Studio 14
VisualStudioVersion = 14.0.25420.1
MinimumVisualStudioVersion = 10.0.40219.1
Project("{8BC9CEB8-8B4A-11D0-8D11-00A0C91BC942}") = "widechar_multibyte", "widechar_multibyte\widechar_multibyte.vcxproj", "{858860D6-6029-4CC7-8CFA-E52E28D29F4B}"
EndProject
Project("{8BC9CEB8-8B4A-11D0-8D11-00A0C91BC942}") = "command_line_arg", "command_line_arg\command_line_arg.vcxproj", "{251B93A1-439A-40C0-B9A0-F54F589215CE}"
EndProject
Project("{8BC9CEB8-8B4A-11D0-8D11-00A0C91BC942}") = "environment_variables", "environment_variables\environment_variables.vcxproj", "{7C8F51FA-426B-46DB-87D7-EAB017536907}"
EndProject
Project("{8BC9CEB8-8B4A-11D0-8D11-00A0C91BC942}") = "createfile_readfile", "createfile_readfile\createfile_readfile.vcxproj", "{97002B75-4AD4-4A91-B77A-D1286FA787F1}"
EndProject
Project("{8BC9CEB8-8B4A-11D0-8D11-00A0C91BC942}") = "create_process", "create_process\create_process.vcxproj", "{4713808F-CDCC-4C8F-AC1A-CB5D3D5B0439}"
EndProject
Project("{8BC9CEB8-8B4A-11D0-8D11-00A0C91BC942}") = "hello", "hello\hello.vcxproj", "{0F3A7286-C439-4CA8-BF75-29ABD00DB0F7}"
EndProject
Project("{8BC9CEB8-8B4A-11D0-8D11-00A0C91BC942}") = "sample1", "sample\sample.vcxproj", "{4691552E-A541-44FE-B7BD-EAE496F82DAF}"
EndProject
Project("{8BC9CEB8-8B4A-11D0-8D11-00A0C91BC942}") = "createEvent", "createEvent\createEvent.vcxproj", "{83BF7FD7-F678-455C-A3D5-E272B94396C3}"
EndProject
Project("{8BC9CEB8-8B4A-11D0-8D11-00A0C91BC942}") = "create_child_process", "create_child_process\create_child_process.vcxproj", "{24721AB2-F322-49FA-B019-47A2DDC7E6D8}"
EndProject
Global
	GlobalSection(SolutionConfigurationPlatforms) = preSolution
		Debug|x64 = Debug|x64
		Debug|x86 = Debug|x86
		Release|x64 = Release|x64
		Release|x86 = Release|x86
	EndGlobalSection
	GlobalSection(ProjectConfigurationPlatforms) = postSolution
		{858860D6-6029-4CC7-8CFA-E52E28D29F4B}.Debug|x64.ActiveCfg = Debug|x64
		{858860D6-6029-4CC7-8CFA-E52E28D29F4B}.Debug|x64.Build.0 = Debug|x64
		{858860D6-6029-4CC7-8CFA-E52E28D29F4B}.Debug|x86.ActiveCfg = Debug|Win32
		{858860D6-6029-4CC7-8CFA-E52E28D29F4B}.Debug|x86.Build.0 = Debug|Win32
		{858860D6-6029-4CC7-8CFA-E52E28D29F4B}.Release|x64.ActiveCfg = Release|x64
		{858860D6-6029-4CC7-8CFA-E52E28D29F4B}.Release|x64.Build.0 = Release|x64
		{858860D6-6029-4CC7-8CFA-E52E28D29F4B}.Release|x86.ActiveCfg = Release|Win32
		{858860D6-6029-4CC7-8CFA-E52E28D29F4B}.Release|x86.Build.0 = Release|Win32
		{251B93A1-439A-40C0-B9A0-F54F589215CE}.Debug|x64.ActiveCfg = Debug|x64
		{251B93A1-439A-40C0-B9A0-F54F589215CE}.Debug|x64.Build.0 = Debug|x64
		{251B93A1-439A-40C0-B9A0-F54F589215CE}.Debug|x86.ActiveCfg = Debug|Win32
		{251B93A1-439A-40C0-B9A0-F54F589215CE}.Debug|x86.Build.0 = Debug|Win32
		{251B93A1-439A-40C0-B9A0-F54F589215CE}.Release|x64.ActiveCfg = Release|x64
		{251B93A1-439A-40C0-B9A0-F54F589215CE}.Release|x64.Build.0 = Release|x64
		{251B93A1-439A-40C0-B9A0-F54F589215CE}.Release|x86.ActiveCfg = Release|Win32
		{251B93A1-439A-40C0-B9A0-F54F589215CE}.Release|x86.Build.0 = Release|Win32
		{7C8F51FA-426B-46DB-87D7-EAB017536907}.Debug|x64.ActiveCfg = Debug|x64
		{7C8F51FA-426B-46DB-87D7-EAB017536907}.Debug|x64.Build.0 = Debug|x64
		{7C8F51FA-426B-46DB-87D7-EAB017536907}.Debug|x86.ActiveCfg = Debug|Win32
		{7C8F51FA-426B-46DB-87D7-EAB017536907}.Debug|x86.Build.0 = Debug|Win32
		{7C8F51FA-426B-46DB-87D7-EAB017536907}.Release|x64.ActiveCfg = Release|x64
		{7C8F51FA-426B-46DB-87D7-EAB017536907}.Release|x64.Build.0 = Release|x64
		{7C8F51FA-426B-46DB-87D7-EAB017536907}.Release|x86.ActiveCfg = Release|Win32
		{7C8F51FA-426B-46DB-87D7-EAB017536907}.Release|x86.Build.0 = Release|Win32
		{97002B75-4AD4-4A91-B77A-D1286FA787F1}.Debug|x64.ActiveCfg = Debug|x64
		{97002B75-4AD4-4A91-B77A-D1286FA787F1}.Debug|x64.Build.0 = Debug|x64
		{97002B75-4AD4-4A91-B77A-D1286FA787F1}.Debug|x86.ActiveCfg = Debug|Win32
		{97002B75-4AD4-4A91-B77A-D1286FA787F1}.Debug|x86.Build.0 = Debug|Win32
		{97002B75-4AD4-4A91-B77A-D1286FA787F1}.Release|x64.ActiveCfg = Release|x64
		{97002B75-4AD4-4A91-B77A-D1286FA787F1}.Release|x64.Build.0 = Release|x64
		{97002B75-4AD4-4A91-B77A-D1286FA787F1}.Release|x86.ActiveCfg = Release|Win32
		{97002B75-4AD4-4A91-B77A-D1286FA787F1}.Release|x86.Build.0 = Release|Win32
		{4713808F-CDCC-4C8F-AC1A-CB5D3D5B0439}.Debug|x64.ActiveCfg = Debug|x64
		{4713808F-CDCC-4C8F-AC1A-CB5D3D5B0439}.Debug|x64.Build.0 = Debug|x64
		{4713808F-CDCC-4C8F-AC1A-CB5D3D5B0439}.Debug|x86.ActiveCfg = Debug|Win32
		{4713808F-CDCC-4C8F-AC1A-CB5D3D5B0439}.Debug|x86.Build.0 = Debug|Win32
		{4713808F-CDCC-4C8F-AC1A-CB5D3D5B0439}.Release|x64.ActiveCfg = Release|x64
		{4713808F-CDCC-4C8F-AC1A-CB5D3D5B0439}.Release|x64.Build.0 = Release|x64
		{4713808F-CDCC-4C8F-AC1A-CB5D3D5B0439}.Release|x86.ActiveCfg = Release|Win32
		{4713808F-CDCC-4C8F-AC1A-CB5D3D5B0439}.Release|x86.Build.0 = Release|Win32
		{0F3A7286-C439-4CA8-BF75-29ABD00DB0F7}.Debug|x64.ActiveCfg = Debug|x64
		{0F3A7286-C439-4CA8-BF75-29ABD00DB0F7}.Debug|x64.Build.0 = Debug|x64
		{0F3A7286-C439-4CA8-BF75-29ABD00DB0F7}.Debug|x86.ActiveCfg = Debug|Win32
		{0F3A7286-C439-4CA8-BF75-29ABD00DB0F7}.Debug|x86.Build.0 = Debug|Win32
		{0F3A7286-C439-4CA8-BF75-29ABD00DB0F7}.Release|x64.ActiveCfg = Release|x64
		{0F3A7286-C439-4CA8-BF75-29ABD00DB0F7}.Release|x64.Build.0 = Release|x64
		{0F3A7286-C439-4CA8-BF75-29ABD00DB0F7}.Release|x86.ActiveCfg = Release|Win32
		{0F3A7286-C439-4CA8-BF75-29ABD00DB0F7}.Release|x86.Build.0 = Release|Win32
		{4691552E-A541-44FE-B7BD-EAE496F82DAF}.Debug|x64.ActiveCfg = Debug|x64
		{4691552E-A541-44FE-B7BD-EAE496F82DAF}.Debug|x64.Build.0 = Debug|x64
		{4691552E-A541-44FE-B7BD-EAE496F82DAF}.Debug|x86.ActiveCfg = Debug|Win32
		{4691552E-A541-44FE-B7BD-EAE496F82DAF}.Debug|x86.Build.0 = Debug|Win32
		{4691552E-A541-44FE-B7BD-EAE496F82DAF}.Release|x64.ActiveCfg = Release|x64
		{4691552E-A541-44FE-B7BD-EAE496F82DAF}.Release|x64.Build.0 = Release|x64
		{4691552E-A541-44FE-B7BD-EAE496F82DAF}.Release|x86.ActiveCfg = Release|Win32
		{4691552E-A541-44FE-B7BD-EAE496F82DAF}.Release|x86.Build.0 = Release|Win32
		{83BF7FD7-F678-455C-A3D5-E272B94396C3}.Debug|x64.ActiveCfg = Debug|x64
		{83BF7FD7-F678-455C-A3D5-E272B94396C3}.Debug|x64.Build.0 = Debug|x64
		{83BF7FD7-F678-455C-A3D5-E272B94396C3}.Debug|x86.ActiveCfg = Debug|Win32
		{83BF7FD7-F678-455C-A3D5-E272B94396C3}.Debug|x86.Build.0 = Debug|Win32
		{83BF7FD7-F678-455C-A3D5-E272B94396C3}.Release|x64.ActiveCfg = Release|x64
		{83BF7FD7-F678-455C-A3D5-E272B94396C3}.Release|x64.Build.0 = Release|x64
		{83BF7FD7-F678-455C-A3D5-E272B94396C3}.Release|x86.ActiveCfg = Release|Win32
		{83BF7FD7-F678-455C-A3D5-E272B94396C3}.Release|x86.Build.0 = Release|Win32
		{24721AB2-F322-49FA-B019-47A2DDC7E6D8}.Debug|x64.ActiveCfg = Debug|x64
		{24721AB2-F322-49FA-B019-47A2DDC7E6D8}.Debug|x64.Build.0 = Debug|x64
		{24721AB2-F322-49FA-B019-47A2DDC7E6D8}.Debug|x86.ActiveCfg = Debug|Win32
		{24721AB2-F322-49FA-B019-47A2DDC7E6D8}.Debug|x86.Build.0 = Debug|Win32
		{24721AB2-F322-49FA-B019-47A2DDC7E6D8}.Release|x64.ActiveCfg = Release|x64
		{24721AB2-F322-49FA-B019-47A2DDC7E6D8}.Release|x64.Build.0 = Release|x64
		{24721AB2-F322-49FA-B019-47A2DDC7E6D8}.Release|x86.ActiveCfg = Release|Win32
		{24721AB2-F322-49FA-B019-47A2DDC7E6D8}.Release|x86.Build.0 = Release|Win32
	EndGlobalSection
	GlobalSection(SolutionProperties) = preSolution
		HideSolutionNode = FALSE
	EndGlobalSection
EndGlobal
